// !$*UTF8*$!
{
	archiveVersion = 1;
	classes = {
	};
	objectVersion = 56;
	objects = {

/* Begin PBXBuildFile section */
		BD39B00429F287F700E75C87 /* AppDelegate.swift in Sources */ = {isa = PBXBuildFile; fileRef = BD39B00329F287F700E75C87 /* AppDelegate.swift */; };
		BD39B00629F287F700E75C87 /* GameScene.sks in Resources */ = {isa = PBXBuildFile; fileRef = BD39B00529F287F700E75C87 /* GameScene.sks */; };
		BD39B00829F287F700E75C87 /* Actions.sks in Resources */ = {isa = PBXBuildFile; fileRef = BD39B00729F287F700E75C87 /* Actions.sks */; };
		BD39B00A29F287F700E75C87 /* GameScene.swift in Sources */ = {isa = PBXBuildFile; fileRef = BD39B00929F287F700E75C87 /* GameScene.swift */; };
		BD39B00C29F287F700E75C87 /* GameViewController.swift in Sources */ = {isa = PBXBuildFile; fileRef = BD39B00B29F287F700E75C87 /* GameViewController.swift */; };
		BD39B00F29F287F700E75C87 /* Main.storyboard in Resources */ = {isa = PBXBuildFile; fileRef = BD39B00D29F287F700E75C87 /* Main.storyboard */; };
		BD39B01129F287F800E75C87 /* Assets.xcassets in Resources */ = {isa = PBXBuildFile; fileRef = BD39B01029F287F800E75C87 /* Assets.xcassets */; };
		BD39B01429F287F800E75C87 /* LaunchScreen.storyboard in Resources */ = {isa = PBXBuildFile; fileRef = BD39B01229F287F800E75C87 /* LaunchScreen.storyboard */; };
		BD8D264329F56546004769EF /* BrokenPlatform.sks in Resources */ = {isa = PBXBuildFile; fileRef = BD8D264229F56546004769EF /* BrokenPlatform.sks */; };
		BD8D264629F5692B004769EF /* WaitingForTap.swift in Sources */ = {isa = PBXBuildFile; fileRef = BD8D264529F5692B004769EF /* WaitingForTap.swift */; };
		BD8D264829F5693C004769EF /* Playing.swift in Sources */ = {isa = PBXBuildFile; fileRef = BD8D264729F5693C004769EF /* Playing.swift */; };
		BD8D264A29F56943004769EF /* GameOver.swift in Sources */ = {isa = PBXBuildFile; fileRef = BD8D264929F56943004769EF /* GameOver.swift */; };
		BD8D265129F57827004769EF /* BambooBreak.wav in Resources */ = {isa = PBXBuildFile; fileRef = BD8D264C29F57826004769EF /* BambooBreak.wav */; };
		BD8D265229F57827004769EF /* paddleBlip.wav in Resources */ = {isa = PBXBuildFile; fileRef = BD8D264D29F57826004769EF /* paddleBlip.wav */; };
		BD8D265429F57827004769EF /* game-over.wav in Resources */ = {isa = PBXBuildFile; fileRef = BD8D264F29F57827004769EF /* game-over.wav */; };
		BD8D265529F57827004769EF /* pongblip.wav in Resources */ = {isa = PBXBuildFile; fileRef = BD8D265029F57827004769EF /* pongblip.wav */; };
/* End PBXBuildFile section */

/* Begin PBXFileReference section */
		BD39B00029F287F700E75C87 /* breakOut.app */ = {isa = PBXFileReference; explicitFileType = wrapper.application; includeInIndex = 0; path = breakOut.app; sourceTree = BUILT_PRODUCTS_DIR; };
		BD39B00329F287F700E75C87 /* AppDelegate.swift */ = {isa = PBXFileReference; lastKnownFileType = sourcecode.swift; path = AppDelegate.swift; sourceTree = "<group>"; };
		BD39B00529F287F700E75C87 /* GameScene.sks */ = {isa = PBXFileReference; lastKnownFileType = file.sks; path = GameScene.sks; sourceTree = "<group>"; };
		BD39B00729F287F700E75C87 /* Actions.sks */ = {isa = PBXFileReference; lastKnownFileType = file.sks; path = Actions.sks; sourceTree = "<group>"; };
		BD39B00929F287F700E75C87 /* GameScene.swift */ = {isa = PBXFileReference; lastKnownFileType = sourcecode.swift; path = GameScene.swift; sourceTree = "<group>"; };
		BD39B00B29F287F700E75C87 /* GameViewController.swift */ = {isa = PBXFileReference; lastKnownFileType = sourcecode.swift; path = GameViewController.swift; sourceTree = "<group>"; };
		BD39B00E29F287F700E75C87 /* Base */ = {isa = PBXFileReference; lastKnownFileType = file.storyboard; name = Base; path = Base.lproj/Main.storyboard; sourceTree = "<group>"; };
		BD39B01029F287F800E75C87 /* Assets.xcassets */ = {isa = PBXFileReference; lastKnownFileType = folder.assetcatalog; path = Assets.xcassets; sourceTree = "<group>"; };
		BD39B01329F287F800E75C87 /* Base */ = {isa = PBXFileReference; lastKnownFileType = file.storyboard; name = Base; path = Base.lproj/LaunchScreen.storyboard; sourceTree = "<group>"; };
		BD8D264229F56546004769EF /* BrokenPlatform.sks */ = {isa = PBXFileReference; lastKnownFileType = file.sks; path = BrokenPlatform.sks; sourceTree = "<group>"; };
		BD8D264529F5692B004769EF /* WaitingForTap.swift */ = {isa = PBXFileReference; lastKnownFileType = sourcecode.swift; path = WaitingForTap.swift; sourceTree = "<group>"; };
		BD8D264729F5693C004769EF /* Playing.swift */ = {isa = PBXFileReference; lastKnownFileType = sourcecode.swift; path = Playing.swift; sourceTree = "<group>"; };
		BD8D264929F56943004769EF /* GameOver.swift */ = {isa = PBXFileReference; lastKnownFileType = sourcecode.swift; path = GameOver.swift; sourceTree = "<group>"; };
		BD8D264C29F57826004769EF /* BambooBreak.wav */ = {isa = PBXFileReference; lastKnownFileType = audio.wav; path = BambooBreak.wav; sourceTree = "<group>"; };
		BD8D264D29F57826004769EF /* paddleBlip.wav */ = {isa = PBXFileReference; lastKnownFileType = audio.wav; path = paddleBlip.wav; sourceTree = "<group>"; };
		BD8D264F29F57827004769EF /* game-over.wav */ = {isa = PBXFileReference; lastKnownFileType = audio.wav; path = "game-over.wav"; sourceTree = "<group>"; };
		BD8D265029F57827004769EF /* pongblip.wav */ = {isa = PBXFileReference; lastKnownFileType = audio.wav; path = pongblip.wav; sourceTree = "<group>"; };
/* End PBXFileReference section */

/* Begin PBXFrameworksBuildPhase section */
		BD39AFFD29F287F700E75C87 /* Frameworks */ = {
			isa = PBXFrameworksBuildPhase;
			buildActionMask = 2147483647;
			files = (
			);
			runOnlyForDeploymentPostprocessing = 0;
		};
/* End PBXFrameworksBuildPhase section */

/* Begin PBXGroup section */
		BD39AFF729F287F700E75C87 = {
			isa = PBXGroup;
			children = (
				BD39B00229F287F700E75C87 /* breakOut */,
				BD39B00129F287F700E75C87 /* Products */,
			);
			sourceTree = "<group>";
		};
		BD39B00129F287F700E75C87 /* Products */ = {
			isa = PBXGroup;
			children = (
				BD39B00029F287F700E75C87 /* breakOut.app */,
			);
			name = Products;
			sourceTree = "<group>";
		};
		BD39B00229F287F700E75C87 /* breakOut */ = {
			isa = PBXGroup;
			children = (
				BD8D264129F56510004769EF /* particles */,
				BD8D264429F5691C004769EF /* GameState */,
				BD8D264B29F5780E004769EF /* Sounds */,
				BD39B00329F287F700E75C87 /* AppDelegate.swift */,
				BD39B00529F287F700E75C87 /* GameScene.sks */,
				BD39B00729F287F700E75C87 /* Actions.sks */,
				BD39B00929F287F700E75C87 /* GameScene.swift */,
				BD39B00B29F287F700E75C87 /* GameViewController.swift */,
				BD39B00D29F287F700E75C87 /* Main.storyboard */,
				BD39B01029F287F800E75C87 /* Assets.xcassets */,
				BD39B01229F287F800E75C87 /* LaunchScreen.storyboard */,
			);
			path = breakOut;
			sourceTree = "<group>";
		};
		BD8D264129F56510004769EF /* particles */ = {
			isa = PBXGroup;
			children = (
				BD8D264229F56546004769EF /* BrokenPlatform.sks */,
			);
			path = particles;
			sourceTree = "<group>";
		};
		BD8D264429F5691C004769EF /* GameState */ = {
			isa = PBXGroup;
			children = (
				BD8D264529F5692B004769EF /* WaitingForTap.swift */,
				BD8D264729F5693C004769EF /* Playing.swift */,
				BD8D264929F56943004769EF /* GameOver.swift */,
			);
			path = GameState;
			sourceTree = "<group>";
		};
		BD8D264B29F5780E004769EF /* Sounds */ = {
			isa = PBXGroup;
			children = (
				BD8D264C29F57826004769EF /* BambooBreak.wav */,
				BD8D264F29F57827004769EF /* game-over.wav */,
				BD8D264D29F57826004769EF /* paddleBlip.wav */,
				BD8D265029F57827004769EF /* pongblip.wav */,
			);
			path = Sounds;
			sourceTree = "<group>";
		};
/* End PBXGroup section */

/* Begin PBXNativeTarget section */
		BD39AFFF29F287F700E75C87 /* breakOut */ = {
			isa = PBXNativeTarget;
			buildConfigurationList = BD39B01729F287F800E75C87 /* Build configuration list for PBXNativeTarget "breakOut" */;
			buildPhases = (
				BD39AFFC29F287F700E75C87 /* Sources */,
				BD39AFFD29F287F700E75C87 /* Frameworks */,
				BD39AFFE29F287F700E75C87 /* Resources */,
			);
			buildRules = (
			);
			dependencies = (
			);
			name = breakOut;
			productName = breakOut;
			productReference = BD39B00029F287F700E75C87 /* breakOut.app */;
			productType = "com.apple.product-type.application";
		};
/* End PBXNativeTarget section */

/* Begin PBXProject section */
		BD39AFF829F287F700E75C87 /* Project object */ = {
			isa = PBXProject;
			attributes = {
				BuildIndependentTargetsInParallel = 1;
				LastSwiftUpdateCheck = 1430;
				LastUpgradeCheck = 1430;
				TargetAttributes = {
					BD39AFFF29F287F700E75C87 = {
						CreatedOnToolsVersion = 14.3;
					};
				};
			};
			buildConfigurationList = BD39AFFB29F287F700E75C87 /* Build configuration list for PBXProject "breakOut" */;
			compatibilityVersion = "Xcode 14.0";
			developmentRegion = en;
			hasScannedForEncodings = 0;
			knownRegions = (
				en,
				Base,
			);
			mainGroup = BD39AFF729F287F700E75C87;
			productRefGroup = BD39B00129F287F700E75C87 /* Products */;
			projectDirPath = "";
			projectRoot = "";
			targets = (
				BD39AFFF29F287F700E75C87 /* breakOut */,
			);
		};
/* End PBXProject section */

/* Begin PBXResourcesBuildPhase section */
		BD39AFFE29F287F700E75C87 /* Resources */ = {
			isa = PBXResourcesBuildPhase;
			buildActionMask = 2147483647;
			files = (
				BD39B00F29F287F700E75C87 /* Main.storyboard in Resources */,
				BD8D265529F57827004769EF /* pongblip.wav in Resources */,
				BD8D265429F57827004769EF /* game-over.wav in Resources */,
				BD8D264329F56546004769EF /* BrokenPlatform.sks in Resources */,
				BD39B00629F287F700E75C87 /* GameScene.sks in Resources */,
				BD8D265229F57827004769EF /* paddleBlip.wav in Resources */,
				BD39B01129F287F800E75C87 /* Assets.xcassets in Resources */,
				BD39B01429F287F800E75C87 /* LaunchScreen.storyboard in Resources */,
				BD8D265129F57827004769EF /* BambooBreak.wav in Resources */,
				BD39B00829F287F700E75C87 /* Actions.sks in Resources */,
			);
			runOnlyForDeploymentPostprocessing = 0;
		};
/* End PBXResourcesBuildPhase section */

/* Begin PBXSourcesBuildPhase section */
		BD39AFFC29F287F700E75C87 /* Sources */ = {
			isa = PBXSourcesBuildPhase;
			buildActionMask = 2147483647;
			files = (
				BD39B00A29F287F700E75C87 /* GameScene.swift in Sources */,
				BD8D264629F5692B004769EF /* WaitingForTap.swift in Sources */,
				BD39B00C29F287F700E75C87 /* GameViewController.swift in Sources */,
				BD8D264A29F56943004769EF /* GameOver.swift in Sources */,
				BD39B00429F287F700E75C87 /* AppDelegate.swift in Sources */,
				BD8D264829F5693C004769EF /* Playing.swift in Sources */,
			);
			runOnlyForDeploymentPostprocessing = 0;
		};
/* End PBXSourcesBuildPhase section */

/* Begin PBXVariantGroup section */
		BD39B00D29F287F700E75C87 /* Main.storyboard */ = {
			isa = PBXVariantGroup;
			children = (
				BD39B00E29F287F700E75C87 /* Base */,
			);
			name = Main.storyboard;
			sourceTree = "<group>";
		};
		BD39B01229F287F800E75C87 /* LaunchScreen.storyboard */ = {
			isa = PBXVariantGroup;
			children = (
				BD39B01329F287F800E75C87 /* Base */,
			);
			name = LaunchScreen.storyboard;
			sourceTree = "<group>";
		};
/* End PBXVariantGroup section */

/* Begin XCBuildConfiguration section */
		BD39B01529F287F800E75C87 /* Debug */ = {
			isa = XCBuildConfiguration;
			buildSettings = {
				ALWAYS_SEARCH_USER_PATHS = NO;
				CLANG_ANALYZER_NONNULL = YES;
				CLANG_ANALYZER_NUMBER_OBJECT_CONVERSION = YES_AGGRESSIVE;
				CLANG_CXX_LANGUAGE_STANDARD = "gnu++20";
				CLANG_ENABLE_MODULES = YES;
				CLANG_ENABLE_OBJC_ARC = YES;
				CLANG_ENABLE_OBJC_WEAK = YES;
				CLANG_WARN_BLOCK_CAPTURE_AUTORELEASING = YES;
				CLANG_WARN_BOOL_CONVERSION = YES;
				CLANG_WARN_COMMA = YES;
				CLANG_WARN_CONSTANT_CONVERSION = YES;
				CLANG_WARN_DEPRECATED_OBJC_IMPLEMENTATIONS = YES;
				CLANG_WARN_DIRECT_OBJC_ISA_USAGE = YES_ERROR;
				CLANG_WARN_DOCUMENTATION_COMMENTS = YES;
				CLANG_WARN_EMPTY_BODY = YES;
				CLANG_WARN_ENUM_CONVERSION = YES;
				CLANG_WARN_INFINITE_RECURSION = YES;
				CLANG_WARN_INT_CONVERSION = YES;
				CLANG_WARN_NON_LITERAL_NULL_CONVERSION = YES;
				CLANG_WARN_OBJC_IMPLICIT_RETAIN_SELF = YES;
				CLANG_WARN_OBJC_LITERAL_CONVERSION = YES;
				CLANG_WARN_OBJC_ROOT_CLASS = YES_ERROR;
				CLANG_WARN_QUOTED_INCLUDE_IN_FRAMEWORK_HEADER = YES;
				CLANG_WARN_RANGE_LOOP_ANALYSIS = YES;
				CLANG_WARN_STRICT_PROTOTYPES = YES;
				CLANG_WARN_SUSPICIOUS_MOVE = YES;
				CLANG_WARN_UNGUARDED_AVAILABILITY = YES_AGGRESSIVE;
				CLANG_WARN_UNREACHABLE_CODE = YES;
				CLANG_WARN__DUPLICATE_METHOD_MATCH = YES;
				COPY_PHASE_STRIP = NO;
				DEBUG_INFORMATION_FORMAT = dwarf;
				ENABLE_STRICT_OBJC_MSGSEND = YES;
				ENABLE_TESTABILITY = YES;
				GCC_C_LANGUAGE_STANDARD = gnu11;
				GCC_DYNAMIC_NO_PIC = NO;
				GCC_NO_COMMON_BLOCKS = YES;
				GCC_OPTIMIZATION_LEVEL = 0;
				GCC_PREPROCESSOR_DEFINITIONS = (
					"DEBUG=1",
					"$(inherited)",
				);
				GCC_WARN_64_TO_32_BIT_CONVERSION = YES;
				GCC_WARN_ABOUT_RETURN_TYPE = YES_ERROR;
				GCC_WARN_UNDECLARED_SELECTOR = YES;
				GCC_WARN_UNINITIALIZED_AUTOS = YES_AGGRESSIVE;
				GCC_WARN_UNUSED_FUNCTION = YES;
				GCC_WARN_UNUSED_VARIABLE = YES;
				IPHONEOS_DEPLOYMENT_TARGET = 16.4;
				MTL_ENABLE_DEBUG_INFO = INCLUDE_SOURCE;
				MTL_FAST_MATH = YES;
				ONLY_ACTIVE_ARCH = YES;
				SDKROOT = iphoneos;
				SWIFT_ACTIVE_COMPILATION_CONDITIONS = DEBUG;
				SWIFT_OPTIMIZATION_LEVEL = "-Onone";
			};
			name = Debug;
		};
		BD39B01629F287F800E75C87 /* Release */ = {
			isa = XCBuildConfiguration;
			buildSettings = {
				ALWAYS_SEARCH_USER_PATHS = NO;
				CLANG_ANALYZER_NONNULL = YES;
				CLANG_ANALYZER_NUMBER_OBJECT_CONVERSION = YES_AGGRESSIVE;
				CLANG_CXX_LANGUAGE_STANDARD = "gnu++20";
				CLANG_ENABLE_MODULES = YES;
				CLANG_ENABLE_OBJC_ARC = YES;
				CLANG_ENABLE_OBJC_WEAK = YES;
				CLANG_WARN_BLOCK_CAPTURE_AUTORELEASING = YES;
				CLANG_WARN_BOOL_CONVERSION = YES;
				CLANG_WARN_COMMA = YES;
				CLANG_WARN_CONSTANT_CONVERSION = YES;
				CLANG_WARN_DEPRECATED_OBJC_IMPLEMENTATIONS = YES;
				CLANG_WARN_DIRECT_OBJC_ISA_USAGE = YES_ERROR;
				CLANG_WARN_DOCUMENTATION_COMMENTS = YES;
				CLANG_WARN_EMPTY_BODY = YES;
				CLANG_WARN_ENUM_CONVERSION = YES;
				CLANG_WARN_INFINITE_RECURSION = YES;
				CLANG_WARN_INT_CONVERSION = YES;
				CLANG_WARN_NON_LITERAL_NULL_CONVERSION = YES;
				CLANG_WARN_OBJC_IMPLICIT_RETAIN_SELF = YES;
				CLANG_WARN_OBJC_LITERAL_CONVERSION = YES;
				CLANG_WARN_OBJC_ROOT_CLASS = YES_ERROR;
				CLANG_WARN_QUOTED_INCLUDE_IN_FRAMEWORK_HEADER = YES;
				CLANG_WARN_RANGE_LOOP_ANALYSIS = YES;
				CLANG_WARN_STRICT_PROTOTYPES = YES;
				CLANG_WARN_SUSPICIOUS_MOVE = YES;
				CLANG_WARN_UNGUARDED_AVAILABILITY = YES_AGGRESSIVE;
				CLANG_WARN_UNREACHABLE_CODE = YES;
				CLANG_WARN__DUPLICATE_METHOD_MATCH = YES;
				COPY_PHASE_STRIP = NO;
				DEBUG_INFORMATION_FORMAT = "dwarf-with-dsym";
				ENABLE_NS_ASSERTIONS = NO;
				ENABLE_STRICT_OBJC_MSGSEND = YES;
				GCC_C_LANGUAGE_STANDARD = gnu11;
				GCC_NO_COMMON_BLOCKS = YES;
				GCC_WARN_64_TO_32_BIT_CONVERSION = YES;
				GCC_WARN_ABOUT_RETURN_TYPE = YES_ERROR;
				GCC_WARN_UNDECLARED_SELECTOR = YES;
				GCC_WARN_UNINITIALIZED_AUTOS = YES_AGGRESSIVE;
				GCC_WARN_UNUSED_FUNCTION = YES;
				GCC_WARN_UNUSED_VARIABLE = YES;
				IPHONEOS_DEPLOYMENT_TARGET = 16.4;
				MTL_ENABLE_DEBUG_INFO = NO;
				MTL_FAST_MATH = YES;
				SDKROOT = iphoneos;
				SWIFT_COMPILATION_MODE = wholemodule;
				SWIFT_OPTIMIZATION_LEVEL = "-O";
				VALIDATE_PRODUCT = YES;
			};
			name = Release;
		};
		BD39B01829F287F800E75C87 /* Debug */ = {
			isa = XCBuildConfiguration;
			buildSettings = {
				ASSETCATALOG_COMPILER_APPICON_NAME = AppIcon;
				ASSETCATALOG_COMPILER_GLOBAL_ACCENT_COLOR_NAME = AccentColor;
				CODE_SIGN_STYLE = Automatic;
				CURRENT_PROJECT_VERSION = 1;
				DEVELOPMENT_TEAM = 2W6JX5D446;
				GENERATE_INFOPLIST_FILE = YES;
				INFOPLIST_KEY_UIApplicationSupportsIndirectInputEvents = YES;
				INFOPLIST_KEY_UILaunchStoryboardName = LaunchScreen;
				INFOPLIST_KEY_UIMainStoryboardFile = Main;
				INFOPLIST_KEY_UIStatusBarHidden = YES;
				INFOPLIST_KEY_UISupportedInterfaceOrientations = UIInterfaceOrientationPortrait;
				INFOPLIST_KEY_UISupportedInterfaceOrientations_iPad = "UIInterfaceOrientationLandscapeLeft UIInterfaceOrientationLandscapeRight UIInterfaceOrientationPortrait UIInterfaceOrientationPortraitUpsideDown";
				LD_RUNPATH_SEARCH_PATHS = (
					"$(inherited)",
					"@executable_path/Frameworks",
				);
				MARKETING_VERSION = 1.0;
				PRODUCT_BUNDLE_IDENTIFIER = jundonglee.breakOut;
				PRODUCT_NAME = "$(TARGET_NAME)";
				SUPPORTED_PLATFORMS = "iphoneos iphonesimulator";
				SUPPORTS_MACCATALYST = NO;
				SUPPORTS_MAC_DESIGNED_FOR_IPHONE_IPAD = YES;
				SWIFT_EMIT_LOC_STRINGS = YES;
				SWIFT_VERSION = 5.0;
				TARGETED_DEVICE_FAMILY = 1;
			};
			name = Debug;
		};
		BD39B01929F287F800E75C87 /* Release */ = {
			isa = XCBuildConfiguration;
			buildSettings = {
				ASSETCATALOG_COMPILER_APPICON_NAME = AppIcon;
				ASSETCATALOG_COMPILER_GLOBAL_ACCENT_COLOR_NAME = AccentColor;
				CODE_SIGN_STYLE = Automatic;
				CURRENT_PROJECT_VERSION = 1;
				DEVELOPMENT_TEAM = 2W6JX5D446;
				GENERATE_INFOPLIST_FILE = YES;
				INFOPLIST_KEY_UIApplicationSupportsIndirectInputEvents = YES;
				INFOPLIST_KEY_UILaunchStoryboardName = LaunchScreen;
				INFOPLIST_KEY_UIMainStoryboardFile = Main;
				INFOPLIST_KEY_UIStatusBarHidden = YES;
				INFOPLIST_KEY_UISupportedInterfaceOrientations = UIInterfaceOrientationPortrait;
				INFOPLIST_KEY_UISupportedInterfaceOrientations_iPad = "UIInterfaceOrientationLandscapeLeft UIInterfaceOrientationLandscapeRight UIInterfaceOrientationPortrait UIInterfaceOrientationPortraitUpsideDown";
				LD_RUNPATH_SEARCH_PATHS = (
					"$(inherited)",
					"@executable_path/Frameworks",
				);
				MARKETING_VERSION = 1.0;
				PRODUCT_BUNDLE_IDENTIFIER = jundonglee.breakOut;
				PRODUCT_NAME = "$(TARGET_NAME)";
				SUPPORTED_PLATFORMS = "iphoneos iphonesimulator";
				SUPPORTS_MACCATALYST = NO;
				SUPPORTS_MAC_DESIGNED_FOR_IPHONE_IPAD = YES;
				SWIFT_EMIT_LOC_STRINGS = YES;
				SWIFT_VERSION = 5.0;
				TARGETED_DEVICE_FAMILY = 1;
			};
			name = Release;
		};
/* End XCBuildConfiguration section */

/* Begin XCConfigurationList section */
		BD39AFFB29F287F700E75C87 /* Build configuration list for PBXProject "breakOut" */ = {
			isa = XCConfigurationList;
			buildConfigurations = (
				BD39B01529F287F800E75C87 /* Debug */,
				BD39B01629F287F800E75C87 /* Release */,
			);
			defaultConfigurationIsVisible = 0;
			defaultConfigurationName = Release;
		};
		BD39B01729F287F800E75C87 /* Build configuration list for PBXNativeTarget "breakOut" */ = {
			isa = XCConfigurationList;
			buildConfigurations = (
				BD39B01829F287F800E75C87 /* Debug */,
				BD39B01929F287F800E75C87 /* Release */,
			);
			defaultConfigurationIsVisible = 0;
			defaultConfigurationName = Release;
		};
/* End XCConfigurationList section */
	};
	rootObject = BD39AFF829F287F700E75C87 /* Project object */;
}
