// !$*UTF8*$!
{
	archiveVersion = 1;
	classes = {
	};
	objectVersion = 56;
	objects = {

/* Begin PBXBuildFile section */
		BD8E949529F919C200532610 /* AVFoundation.framework in Frameworks */ = {isa = PBXBuildFile; fileRef = BD8E949429F919C200532610 /* AVFoundation.framework */; };
		BDE2DDBD29F7E0B6000F494A /* breakOutFramework.h in Headers */ = {isa = PBXBuildFile; fileRef = BDE2DDBC29F7E0B6000F494A /* breakOutFramework.h */; settings = {ATTRIBUTES = (Public, ); }; };
		BDE2DDD129F7E0E0000F494A /* GameScene.swift in Sources */ = {isa = PBXBuildFile; fileRef = BDE2DDC329F7E0E0000F494A /* GameScene.swift */; };
		BDE2DDD229F7E0E0000F494A /* BrokenPlatform.sks in Resources */ = {isa = PBXBuildFile; fileRef = BDE2DDC529F7E0E0000F494A /* BrokenPlatform.sks */; };
		BDE2DDD329F7E0E0000F494A /* WaitingForTap.swift in Sources */ = {isa = PBXBuildFile; fileRef = BDE2DDC729F7E0E0000F494A /* WaitingForTap.swift */; };
		BDE2DDD429F7E0E0000F494A /* GameOver.swift in Sources */ = {isa = PBXBuildFile; fileRef = BDE2DDC829F7E0E0000F494A /* GameOver.swift */; };
		BDE2DDD529F7E0E0000F494A /* Playing.swift in Sources */ = {isa = PBXBuildFile; fileRef = BDE2DDC929F7E0E0000F494A /* Playing.swift */; };
		BDE2DDD629F7E0E0000F494A /* GameScene.sks in Resources */ = {isa = PBXBuildFile; fileRef = BDE2DDCA29F7E0E0000F494A /* GameScene.sks */; };
		BDE2DDDD29F7E0EB000F494A /* Actions.sks in Resources */ = {isa = PBXBuildFile; fileRef = BDE2DDDC29F7E0EA000F494A /* Actions.sks */; };
/* End PBXBuildFile section */

/* Begin PBXFileReference section */
		BD8E949429F919C200532610 /* AVFoundation.framework */ = {isa = PBXFileReference; lastKnownFileType = wrapper.framework; name = AVFoundation.framework; path = Platforms/MacOSX.platform/Developer/SDKs/MacOSX13.3.sdk/System/Library/Frameworks/AVFoundation.framework; sourceTree = DEVELOPER_DIR; };
		BD8E949629F919C600532610 /* AVFAudio.framework */ = {isa = PBXFileReference; lastKnownFileType = wrapper.framework; name = AVFAudio.framework; path = Platforms/MacOSX.platform/Developer/SDKs/MacOSX13.3.sdk/System/Library/Frameworks/AVFAudio.framework; sourceTree = DEVELOPER_DIR; };
		BDE2DDB929F7E0B6000F494A /* breakOutFramework.framework */ = {isa = PBXFileReference; explicitFileType = wrapper.framework; includeInIndex = 0; path = breakOutFramework.framework; sourceTree = BUILT_PRODUCTS_DIR; };
		BDE2DDBC29F7E0B6000F494A /* breakOutFramework.h */ = {isa = PBXFileReference; lastKnownFileType = sourcecode.c.h; path = breakOutFramework.h; sourceTree = "<group>"; };
		BDE2DDC329F7E0E0000F494A /* GameScene.swift */ = {isa = PBXFileReference; fileEncoding = 4; lastKnownFileType = sourcecode.swift; path = GameScene.swift; sourceTree = "<group>"; };
		BDE2DDC529F7E0E0000F494A /* BrokenPlatform.sks */ = {isa = PBXFileReference; lastKnownFileType = file.sks; path = BrokenPlatform.sks; sourceTree = "<group>"; };
		BDE2DDC729F7E0E0000F494A /* WaitingForTap.swift */ = {isa = PBXFileReference; fileEncoding = 4; lastKnownFileType = sourcecode.swift; path = WaitingForTap.swift; sourceTree = "<group>"; };
		BDE2DDC829F7E0E0000F494A /* GameOver.swift */ = {isa = PBXFileReference; fileEncoding = 4; lastKnownFileType = sourcecode.swift; path = GameOver.swift; sourceTree = "<group>"; };
		BDE2DDC929F7E0E0000F494A /* Playing.swift */ = {isa = PBXFileReference; fileEncoding = 4; lastKnownFileType = sourcecode.swift; path = Playing.swift; sourceTree = "<group>"; };
		BDE2DDCA29F7E0E0000F494A /* GameScene.sks */ = {isa = PBXFileReference; lastKnownFileType = file.sks; path = GameScene.sks; sourceTree = "<group>"; };
		BDE2DDDC29F7E0EA000F494A /* Actions.sks */ = {isa = PBXFileReference; lastKnownFileType = file.sks; path = Actions.sks; sourceTree = "<group>"; };
/* End PBXFileReference section */

/* Begin PBXFrameworksBuildPhase section */
		BDE2DDB629F7E0B6000F494A /* Frameworks */ = {
			isa = PBXFrameworksBuildPhase;
			buildActionMask = 2147483647;
			files = (
				BD8E949529F919C200532610 /* AVFoundation.framework in Frameworks */,
			);
			runOnlyForDeploymentPostprocessing = 0;
		};
/* End PBXFrameworksBuildPhase section */

/* Begin PBXGroup section */
		BD8E949329F919C200532610 /* Frameworks */ = {
			isa = PBXGroup;
			children = (
				BD8E949629F919C600532610 /* AVFAudio.framework */,
				BD8E949429F919C200532610 /* AVFoundation.framework */,
			);
			name = Frameworks;
			sourceTree = "<group>";
		};
		BDE2DDAF29F7E0B6000F494A = {
			isa = PBXGroup;
			children = (
				BDE2DDBB29F7E0B6000F494A /* breakOutFramework */,
				BDE2DDBA29F7E0B6000F494A /* Products */,
				BD8E949329F919C200532610 /* Frameworks */,
			);
			sourceTree = "<group>";
		};
		BDE2DDBA29F7E0B6000F494A /* Products */ = {
			isa = PBXGroup;
			children = (
				BDE2DDB929F7E0B6000F494A /* breakOutFramework.framework */,
			);
			name = Products;
			sourceTree = "<group>";
		};
		BDE2DDBB29F7E0B6000F494A /* breakOutFramework */ = {
			isa = PBXGroup;
			children = (
				BDE2DDBC29F7E0B6000F494A /* breakOutFramework.h */,
				BDE2DDCA29F7E0E0000F494A /* GameScene.sks */,
				BDE2DDDC29F7E0EA000F494A /* Actions.sks */,
				BDE2DDC329F7E0E0000F494A /* GameScene.swift */,
				BDE2DDC629F7E0E0000F494A /* GameState */,
				BDE2DDC429F7E0E0000F494A /* particles */,
			);
			path = breakOutFramework;
			sourceTree = "<group>";
		};
		BDE2DDC429F7E0E0000F494A /* particles */ = {
			isa = PBXGroup;
			children = (
				BDE2DDC529F7E0E0000F494A /* BrokenPlatform.sks */,
			);
			path = particles;
			sourceTree = "<group>";
		};
		BDE2DDC629F7E0E0000F494A /* GameState */ = {
			isa = PBXGroup;
			children = (
				BDE2DDC729F7E0E0000F494A /* WaitingForTap.swift */,
				BDE2DDC829F7E0E0000F494A /* GameOver.swift */,
				BDE2DDC929F7E0E0000F494A /* Playing.swift */,
			);
			path = GameState;
			sourceTree = "<group>";
		};
/* End PBXGroup section */

/* Begin PBXHeadersBuildPhase section */
		BDE2DDB429F7E0B6000F494A /* Headers */ = {
			isa = PBXHeadersBuildPhase;
			buildActionMask = 2147483647;
			files = (
				BDE2DDBD29F7E0B6000F494A /* breakOutFramework.h in Headers */,
			);
			runOnlyForDeploymentPostprocessing = 0;
		};
/* End PBXHeadersBuildPhase section */

/* Begin PBXNativeTarget section */
		BDE2DDB829F7E0B6000F494A /* breakOutFramework */ = {
			isa = PBXNativeTarget;
			buildConfigurationList = BDE2DDC029F7E0B6000F494A /* Build configuration list for PBXNativeTarget "breakOutFramework" */;
			buildPhases = (
				BDE2DDB429F7E0B6000F494A /* Headers */,
				BDE2DDB529F7E0B6000F494A /* Sources */,
				BDE2DDB629F7E0B6000F494A /* Frameworks */,
				BDE2DDB729F7E0B6000F494A /* Resources */,
			);
			buildRules = (
			);
			dependencies = (
			);
			name = breakOutFramework;
			productName = breakOutFramework;
			productReference = BDE2DDB929F7E0B6000F494A /* breakOutFramework.framework */;
			productType = "com.apple.product-type.framework";
		};
/* End PBXNativeTarget section */

/* Begin PBXProject section */
		BDE2DDB029F7E0B6000F494A /* Project object */ = {
			isa = PBXProject;
			attributes = {
				BuildIndependentTargetsInParallel = 1;
				LastUpgradeCheck = 1430;
				TargetAttributes = {
					BDE2DDB829F7E0B6000F494A = {
						CreatedOnToolsVersion = 14.3;
						LastSwiftMigration = 1430;
					};
				};
			};
			buildConfigurationList = BDE2DDB329F7E0B6000F494A /* Build configuration list for PBXProject "breakOutFramework" */;
			compatibilityVersion = "Xcode 14.0";
			developmentRegion = en;
			hasScannedForEncodings = 0;
			knownRegions = (
				en,
				Base,
			);
			mainGroup = BDE2DDAF29F7E0B6000F494A;
			productRefGroup = BDE2DDBA29F7E0B6000F494A /* Products */;
			projectDirPath = "";
			projectRoot = "";
			targets = (
				BDE2DDB829F7E0B6000F494A /* breakOutFramework */,
			);
		};
/* End PBXProject section */

/* Begin PBXResourcesBuildPhase section */
		BDE2DDB729F7E0B6000F494A /* Resources */ = {
			isa = PBXResourcesBuildPhase;
			buildActionMask = 2147483647;
			files = (
				BDE2DDDD29F7E0EB000F494A /* Actions.sks in Resources */,
				BDE2DDD629F7E0E0000F494A /* GameScene.sks in Resources */,
				BDE2DDD229F7E0E0000F494A /* BrokenPlatform.sks in Resources */,
			);
			runOnlyForDeploymentPostprocessing = 0;
		};
/* End PBXResourcesBuildPhase section */

/* Begin PBXSourcesBuildPhase section */
		BDE2DDB529F7E0B6000F494A /* Sources */ = {
			isa = PBXSourcesBuildPhase;
			buildActionMask = 2147483647;
			files = (
				BDE2DDD529F7E0E0000F494A /* Playing.swift in Sources */,
				BDE2DDD429F7E0E0000F494A /* GameOver.swift in Sources */,
				BDE2DDD129F7E0E0000F494A /* GameScene.swift in Sources */,
				BDE2DDD329F7E0E0000F494A /* WaitingForTap.swift in Sources */,
			);
			runOnlyForDeploymentPostprocessing = 0;
		};
/* End PBXSourcesBuildPhase section */

/* Begin XCBuildConfiguration section */
		BDE2DDBE29F7E0B6000F494A /* Debug */ = {
			isa = XCBuildConfiguration;
			buildSettings = {
				ALWAYS_SEARCH_USER_PATHS = NO;
				CLANG_ANALYZER_NONNULL = YES;
				CLANG_ANALYZER_NUMBER_OBJECT_CONVERSION = YES_AGGRESSIVE;
				CLANG_CXX_LANGUAGE_STANDARD = "gnu++20";
				CLANG_ENABLE_MODULES = YES;
				CLANG_ENABLE_OBJC_ARC = YES;
				CLANG_ENABLE_OBJC_WEAK = YES;
				CLANG_WARN_BLOCK_CAPTURE_AUTORELEASING = YES;
				CLANG_WARN_BOOL_CONVERSION = YES;
				CLANG_WARN_COMMA = YES;
				CLANG_WARN_CONSTANT_CONVERSION = YES;
				CLANG_WARN_DEPRECATED_OBJC_IMPLEMENTATIONS = YES;
				CLANG_WARN_DIRECT_OBJC_ISA_USAGE = YES_ERROR;
				CLANG_WARN_DOCUMENTATION_COMMENTS = YES;
				CLANG_WARN_EMPTY_BODY = YES;
				CLANG_WARN_ENUM_CONVERSION = YES;
				CLANG_WARN_INFINITE_RECURSION = YES;
				CLANG_WARN_INT_CONVERSION = YES;
				CLANG_WARN_NON_LITERAL_NULL_CONVERSION = YES;
				CLANG_WARN_OBJC_IMPLICIT_RETAIN_SELF = YES;
				CLANG_WARN_OBJC_LITERAL_CONVERSION = YES;
				CLANG_WARN_OBJC_ROOT_CLASS = YES_ERROR;
				CLANG_WARN_QUOTED_INCLUDE_IN_FRAMEWORK_HEADER = YES;
				CLANG_WARN_RANGE_LOOP_ANALYSIS = YES;
				CLANG_WARN_STRICT_PROTOTYPES = YES;
				CLANG_WARN_SUSPICIOUS_MOVE = YES;
				CLANG_WARN_UNGUARDED_AVAILABILITY = YES_AGGRESSIVE;
				CLANG_WARN_UNREACHABLE_CODE = YES;
				CLANG_WARN__DUPLICATE_METHOD_MATCH = YES;
				COPY_PHASE_STRIP = NO;
				CURRENT_PROJECT_VERSION = 1;
				DEBUG_INFORMATION_FORMAT = dwarf;
				ENABLE_STRICT_OBJC_MSGSEND = YES;
				ENABLE_TESTABILITY = YES;
				GCC_C_LANGUAGE_STANDARD = gnu11;
				GCC_DYNAMIC_NO_PIC = NO;
				GCC_NO_COMMON_BLOCKS = YES;
				GCC_OPTIMIZATION_LEVEL = 0;
				GCC_PREPROCESSOR_DEFINITIONS = (
					"DEBUG=1",
					"$(inherited)",
				);
				GCC_WARN_64_TO_32_BIT_CONVERSION = YES;
				GCC_WARN_ABOUT_RETURN_TYPE = YES_ERROR;
				GCC_WARN_UNDECLARED_SELECTOR = YES;
				GCC_WARN_UNINITIALIZED_AUTOS = YES_AGGRESSIVE;
				GCC_WARN_UNUSED_FUNCTION = YES;
				GCC_WARN_UNUSED_VARIABLE = YES;
				IPHONEOS_DEPLOYMENT_TARGET = 13.0;
				MTL_ENABLE_DEBUG_INFO = INCLUDE_SOURCE;
				MTL_FAST_MATH = YES;
				ONLY_ACTIVE_ARCH = YES;
				SDKROOT = iphoneos;
				SWIFT_ACTIVE_COMPILATION_CONDITIONS = DEBUG;
				SWIFT_OPTIMIZATION_LEVEL = "-Onone";
				VERSIONING_SYSTEM = "apple-generic";
				VERSION_INFO_PREFIX = "";
			};
			name = Debug;
		};
		BDE2DDBF29F7E0B6000F494A /* Release */ = {
			isa = XCBuildConfiguration;
			buildSettings = {
				ALWAYS_SEARCH_USER_PATHS = NO;
				CLANG_ANALYZER_NONNULL = YES;
				CLANG_ANALYZER_NUMBER_OBJECT_CONVERSION = YES_AGGRESSIVE;
				CLANG_CXX_LANGUAGE_STANDARD = "gnu++20";
				CLANG_ENABLE_MODULES = YES;
				CLANG_ENABLE_OBJC_ARC = YES;
				CLANG_ENABLE_OBJC_WEAK = YES;
				CLANG_WARN_BLOCK_CAPTURE_AUTORELEASING = YES;
				CLANG_WARN_BOOL_CONVERSION = YES;
				CLANG_WARN_COMMA = YES;
				CLANG_WARN_CONSTANT_CONVERSION = YES;
				CLANG_WARN_DEPRECATED_OBJC_IMPLEMENTATIONS = YES;
				CLANG_WARN_DIRECT_OBJC_ISA_USAGE = YES_ERROR;
				CLANG_WARN_DOCUMENTATION_COMMENTS = YES;
				CLANG_WARN_EMPTY_BODY = YES;
				CLANG_WARN_ENUM_CONVERSION = YES;
				CLANG_WARN_INFINITE_RECURSION = YES;
				CLANG_WARN_INT_CONVERSION = YES;
				CLANG_WARN_NON_LITERAL_NULL_CONVERSION = YES;
				CLANG_WARN_OBJC_IMPLICIT_RETAIN_SELF = YES;
				CLANG_WARN_OBJC_LITERAL_CONVERSION = YES;
				CLANG_WARN_OBJC_ROOT_CLASS = YES_ERROR;
				CLANG_WARN_QUOTED_INCLUDE_IN_FRAMEWORK_HEADER = YES;
				CLANG_WARN_RANGE_LOOP_ANALYSIS = YES;
				CLANG_WARN_STRICT_PROTOTYPES = YES;
				CLANG_WARN_SUSPICIOUS_MOVE = YES;
				CLANG_WARN_UNGUARDED_AVAILABILITY = YES_AGGRESSIVE;
				CLANG_WARN_UNREACHABLE_CODE = YES;
				CLANG_WARN__DUPLICATE_METHOD_MATCH = YES;
				COPY_PHASE_STRIP = NO;
				CURRENT_PROJECT_VERSION = 1;
				DEBUG_INFORMATION_FORMAT = "dwarf-with-dsym";
				ENABLE_NS_ASSERTIONS = NO;
				ENABLE_STRICT_OBJC_MSGSEND = YES;
				GCC_C_LANGUAGE_STANDARD = gnu11;
				GCC_NO_COMMON_BLOCKS = YES;
				GCC_WARN_64_TO_32_BIT_CONVERSION = YES;
				GCC_WARN_ABOUT_RETURN_TYPE = YES_ERROR;
				GCC_WARN_UNDECLARED_SELECTOR = YES;
				GCC_WARN_UNINITIALIZED_AUTOS = YES_AGGRESSIVE;
				GCC_WARN_UNUSED_FUNCTION = YES;
				GCC_WARN_UNUSED_VARIABLE = YES;
				IPHONEOS_DEPLOYMENT_TARGET = 13.0;
				MTL_ENABLE_DEBUG_INFO = NO;
				MTL_FAST_MATH = YES;
				SDKROOT = iphoneos;
				SWIFT_COMPILATION_MODE = wholemodule;
				SWIFT_OPTIMIZATION_LEVEL = "-O";
				VALIDATE_PRODUCT = YES;
				VERSIONING_SYSTEM = "apple-generic";
				VERSION_INFO_PREFIX = "";
			};
			name = Release;
		};
		BDE2DDC129F7E0B6000F494A /* Debug */ = {
			isa = XCBuildConfiguration;
			buildSettings = {
				CLANG_ENABLE_MODULES = YES;
				CODE_SIGN_STYLE = Automatic;
				CURRENT_PROJECT_VERSION = 1;
				DEFINES_MODULE = YES;
				DEVELOPMENT_TEAM = 2W6JX5D446;
				DYLIB_COMPATIBILITY_VERSION = 1;
				DYLIB_CURRENT_VERSION = 1;
				DYLIB_INSTALL_NAME_BASE = "@rpath";
				ENABLE_MODULE_VERIFIER = YES;
				GENERATE_INFOPLIST_FILE = YES;
				INFOPLIST_KEY_NSHumanReadableCopyright = "";
				INSTALL_PATH = "$(LOCAL_LIBRARY_DIR)/Frameworks";
				IPHONEOS_DEPLOYMENT_TARGET = 13.0;
				LD_RUNPATH_SEARCH_PATHS = (
					"$(inherited)",
					"@executable_path/Frameworks",
					"@loader_path/Frameworks",
				);
				MARKETING_VERSION = 1.0;
				MODULE_VERIFIER_SUPPORTED_LANGUAGES = "objective-c objective-c++";
				MODULE_VERIFIER_SUPPORTED_LANGUAGE_STANDARDS = "gnu11 gnu++20";
				PRODUCT_BUNDLE_IDENTIFIER = jundonglee.breakOutFramework;
				PRODUCT_NAME = "$(TARGET_NAME:c99extidentifier)";
				SKIP_INSTALL = YES;
				SWIFT_EMIT_LOC_STRINGS = YES;
				SWIFT_OPTIMIZATION_LEVEL = "-Onone";
				SWIFT_VERSION = 5.0;
				TARGETED_DEVICE_FAMILY = "1,2";
			};
			name = Debug;
		};
		BDE2DDC229F7E0B6000F494A /* Release */ = {
			isa = XCBuildConfiguration;
			buildSettings = {
				CLANG_ENABLE_MODULES = YES;
				CODE_SIGN_STYLE = Automatic;
				CURRENT_PROJECT_VERSION = 1;
				DEFINES_MODULE = YES;
				DEVELOPMENT_TEAM = 2W6JX5D446;
				DYLIB_COMPATIBILITY_VERSION = 1;
				DYLIB_CURRENT_VERSION = 1;
				DYLIB_INSTALL_NAME_BASE = "@rpath";
				ENABLE_MODULE_VERIFIER = YES;
				GENERATE_INFOPLIST_FILE = YES;
				INFOPLIST_KEY_NSHumanReadableCopyright = "";
				INSTALL_PATH = "$(LOCAL_LIBRARY_DIR)/Frameworks";
				IPHONEOS_DEPLOYMENT_TARGET = 13.0;
				LD_RUNPATH_SEARCH_PATHS = (
					"$(inherited)",
					"@executable_path/Frameworks",
					"@loader_path/Frameworks",
				);
				MARKETING_VERSION = 1.0;
				MODULE_VERIFIER_SUPPORTED_LANGUAGES = "objective-c objective-c++";
				MODULE_VERIFIER_SUPPORTED_LANGUAGE_STANDARDS = "gnu11 gnu++20";
				PRODUCT_BUNDLE_IDENTIFIER = jundonglee.breakOutFramework;
				PRODUCT_NAME = "$(TARGET_NAME:c99extidentifier)";
				SKIP_INSTALL = YES;
				SWIFT_EMIT_LOC_STRINGS = YES;
				SWIFT_VERSION = 5.0;
				TARGETED_DEVICE_FAMILY = "1,2";
			};
			name = Release;
		};
/* End XCBuildConfiguration section */

/* Begin XCConfigurationList section */
		BDE2DDB329F7E0B6000F494A /* Build configuration list for PBXProject "breakOutFramework" */ = {
			isa = XCConfigurationList;
			buildConfigurations = (
				BDE2DDBE29F7E0B6000F494A /* Debug */,
				BDE2DDBF29F7E0B6000F494A /* Release */,
			);
			defaultConfigurationIsVisible = 0;
			defaultConfigurationName = Release;
		};
		BDE2DDC029F7E0B6000F494A /* Build configuration list for PBXNativeTarget "breakOutFramework" */ = {
			isa = XCConfigurationList;
			buildConfigurations = (
				BDE2DDC129F7E0B6000F494A /* Debug */,
				BDE2DDC229F7E0B6000F494A /* Release */,
			);
			defaultConfigurationIsVisible = 0;
			defaultConfigurationName = Release;
		};
/* End XCConfigurationList section */
	};
	rootObject = BDE2DDB029F7E0B6000F494A /* Project object */;
}
