// !$*UTF8*$!
{
	archiveVersion = 1;
	classes = {
	};
	objectVersion = 56;
	objects = {

/* Begin PBXBuildFile section */
		BD94867B29ED548B00FEF546 /* AppDelegate.swift in Sources */ = {isa = PBXBuildFile; fileRef = BD94867A29ED548B00FEF546 /* AppDelegate.swift */; };
		BD94867D29ED548B00FEF546 /* SceneDelegate.swift in Sources */ = {isa = PBXBuildFile; fileRef = BD94867C29ED548B00FEF546 /* SceneDelegate.swift */; };
		BD94867F29ED548B00FEF546 /* MainViewController.swift in Sources */ = {isa = PBXBuildFile; fileRef = BD94867E29ED548B00FEF546 /* MainViewController.swift */; };
		BD94868229ED548B00FEF546 /* Main.storyboard in Resources */ = {isa = PBXBuildFile; fileRef = BD94868029ED548B00FEF546 /* Main.storyboard */; };
		BD94868429ED548C00FEF546 /* Assets.xcassets in Resources */ = {isa = PBXBuildFile; fileRef = BD94868329ED548C00FEF546 /* Assets.xcassets */; };
		BD94868F29ED54F000FEF546 /* IntroViewController.swift in Sources */ = {isa = PBXBuildFile; fileRef = BD94868E29ED54F000FEF546 /* IntroViewController.swift */; };
		BD94869229ED555100FEF546 /* MessageViewController.swift in Sources */ = {isa = PBXBuildFile; fileRef = BD94869129ED555100FEF546 /* MessageViewController.swift */; };
		BD94869529ED556600FEF546 /* Todos.swift in Sources */ = {isa = PBXBuildFile; fileRef = BD94869429ED556600FEF546 /* Todos.swift */; };
		BD94869729ED557B00FEF546 /* TodosTableViewCell.swift in Sources */ = {isa = PBXBuildFile; fileRef = BD94869629ED557B00FEF546 /* TodosTableViewCell.swift */; };
		BD94869C29ED55A500FEF546 /* Presenter.swift in Sources */ = {isa = PBXBuildFile; fileRef = BD94869B29ED55A500FEF546 /* Presenter.swift */; };
		BD94869E29ED55C200FEF546 /* Transition.swift in Sources */ = {isa = PBXBuildFile; fileRef = BD94869D29ED55C200FEF546 /* Transition.swift */; };
		BD9486A029ED58BC00FEF546 /* CheckBox.swift in Sources */ = {isa = PBXBuildFile; fileRef = BD94869F29ED58BC00FEF546 /* CheckBox.swift */; };
		BD9486A229ED704F00FEF546 /* Extension.swift in Sources */ = {isa = PBXBuildFile; fileRef = BD9486A129ED704F00FEF546 /* Extension.swift */; };
		BDE2DDED29F7E1BB000F494A /* breakOutFramework.framework in Frameworks */ = {isa = PBXBuildFile; fileRef = BDE2DDEB29F7E1B3000F494A /* breakOutFramework.framework */; };
		BDE2DDF029F7E655000F494A /* breakOutViewController.swift in Sources */ = {isa = PBXBuildFile; fileRef = BDE2DDEF29F7E655000F494A /* breakOutViewController.swift */; };
/* End PBXBuildFile section */

/* Begin PBXContainerItemProxy section */
		BDE2DDEA29F7E1B3000F494A /* PBXContainerItemProxy */ = {
			isa = PBXContainerItemProxy;
			containerPortal = BDE2DDE629F7E1B3000F494A /* breakOutFramework.xcodeproj */;
			proxyType = 2;
			remoteGlobalIDString = BDE2DDB929F7E0B6000F494A;
			remoteInfo = breakOutFramework;
		};
/* End PBXContainerItemProxy section */

/* Begin PBXFileReference section */
		BD67F90529F811F700A0AE52 /* nomnom_renew.app */ = {isa = PBXFileReference; explicitFileType = wrapper.application; includeInIndex = 0; path = nomnom_renew.app; sourceTree = BUILT_PRODUCTS_DIR; };
		BD94867A29ED548B00FEF546 /* AppDelegate.swift */ = {isa = PBXFileReference; lastKnownFileType = sourcecode.swift; path = AppDelegate.swift; sourceTree = "<group>"; };
		BD94867C29ED548B00FEF546 /* SceneDelegate.swift */ = {isa = PBXFileReference; lastKnownFileType = sourcecode.swift; path = SceneDelegate.swift; sourceTree = "<group>"; };
		BD94867E29ED548B00FEF546 /* MainViewController.swift */ = {isa = PBXFileReference; lastKnownFileType = sourcecode.swift; path = MainViewController.swift; sourceTree = "<group>"; xcLanguageSpecificationIdentifier = xcode.lang.swift; };
		BD94868129ED548B00FEF546 /* Base */ = {isa = PBXFileReference; lastKnownFileType = file.storyboard; name = Base; path = Base.lproj/Main.storyboard; sourceTree = "<group>"; };
		BD94868329ED548C00FEF546 /* Assets.xcassets */ = {isa = PBXFileReference; lastKnownFileType = folder.assetcatalog; path = Assets.xcassets; sourceTree = "<group>"; };
		BD94868829ED548C00FEF546 /* Info.plist */ = {isa = PBXFileReference; lastKnownFileType = text.plist.xml; path = Info.plist; sourceTree = "<group>"; };
		BD94868E29ED54F000FEF546 /* IntroViewController.swift */ = {isa = PBXFileReference; lastKnownFileType = sourcecode.swift; path = IntroViewController.swift; sourceTree = "<group>"; };
		BD94869129ED555100FEF546 /* MessageViewController.swift */ = {isa = PBXFileReference; lastKnownFileType = sourcecode.swift; path = MessageViewController.swift; sourceTree = "<group>"; };
		BD94869429ED556600FEF546 /* Todos.swift */ = {isa = PBXFileReference; lastKnownFileType = sourcecode.swift; path = Todos.swift; sourceTree = "<group>"; };
		BD94869629ED557B00FEF546 /* TodosTableViewCell.swift */ = {isa = PBXFileReference; lastKnownFileType = sourcecode.swift; path = TodosTableViewCell.swift; sourceTree = "<group>"; };
		BD94869B29ED55A500FEF546 /* Presenter.swift */ = {isa = PBXFileReference; lastKnownFileType = sourcecode.swift; path = Presenter.swift; sourceTree = "<group>"; };
		BD94869D29ED55C200FEF546 /* Transition.swift */ = {isa = PBXFileReference; lastKnownFileType = sourcecode.swift; path = Transition.swift; sourceTree = "<group>"; };
		BD94869F29ED58BC00FEF546 /* CheckBox.swift */ = {isa = PBXFileReference; lastKnownFileType = sourcecode.swift; path = CheckBox.swift; sourceTree = "<group>"; };
		BD9486A129ED704F00FEF546 /* Extension.swift */ = {isa = PBXFileReference; lastKnownFileType = sourcecode.swift; path = Extension.swift; sourceTree = "<group>"; };
		BDE2DDE629F7E1B3000F494A /* breakOutFramework.xcodeproj */ = {isa = PBXFileReference; lastKnownFileType = "wrapper.pb-project"; name = breakOutFramework.xcodeproj; path = ../../breakOutFramework/breakOutFramework.xcodeproj; sourceTree = "<group>"; };
		BDE2DDEF29F7E655000F494A /* breakOutViewController.swift */ = {isa = PBXFileReference; lastKnownFileType = sourcecode.swift; path = breakOutViewController.swift; sourceTree = "<group>"; };
/* End PBXFileReference section */

/* Begin PBXFrameworksBuildPhase section */
		BD94867429ED548B00FEF546 /* Frameworks */ = {
			isa = PBXFrameworksBuildPhase;
			buildActionMask = 2147483647;
			files = (
				BDE2DDED29F7E1BB000F494A /* breakOutFramework.framework in Frameworks */,
			);
			runOnlyForDeploymentPostprocessing = 0;
		};
/* End PBXFrameworksBuildPhase section */

/* Begin PBXGroup section */
		BD94866E29ED548B00FEF546 = {
			isa = PBXGroup;
			children = (
				BDE2DDE629F7E1B3000F494A /* breakOutFramework.xcodeproj */,
				BD94867929ED548B00FEF546 /* nomnom_renew */,
				BDE2DDEC29F7E1BB000F494A /* Frameworks */,
				BD67F90529F811F700A0AE52 /* nomnom_renew.app */,
			);
			sourceTree = "<group>";
		};
		BD94867929ED548B00FEF546 /* nomnom_renew */ = {
			isa = PBXGroup;
			children = (
				BD94867A29ED548B00FEF546 /* AppDelegate.swift */,
				BD94867C29ED548B00FEF546 /* SceneDelegate.swift */,
				BD94869A29ED559700FEF546 /* Extensions */,
				BD94869329ED556000FEF546 /* Models */,
				BD94869029ED550A00FEF546 /* ViewController */,
				BD94868029ED548B00FEF546 /* Main.storyboard */,
				BD94868329ED548C00FEF546 /* Assets.xcassets */,
				BD94868829ED548C00FEF546 /* Info.plist */,
			);
			path = nomnom_renew;
			sourceTree = "<group>";
		};
		BD94869029ED550A00FEF546 /* ViewController */ = {
			isa = PBXGroup;
			children = (
				BD94868E29ED54F000FEF546 /* IntroViewController.swift */,
				BD94867E29ED548B00FEF546 /* MainViewController.swift */,
				BD94869129ED555100FEF546 /* MessageViewController.swift */,
				BDE2DDEF29F7E655000F494A /* breakOutViewController.swift */,
			);
			path = ViewController;
			sourceTree = "<group>";
		};
		BD94869329ED556000FEF546 /* Models */ = {
			isa = PBXGroup;
			children = (
				BD94869429ED556600FEF546 /* Todos.swift */,
				BD94869629ED557B00FEF546 /* TodosTableViewCell.swift */,
			);
			path = Models;
			sourceTree = "<group>";
		};
		BD94869A29ED559700FEF546 /* Extensions */ = {
			isa = PBXGroup;
			children = (
				BD9486A129ED704F00FEF546 /* Extension.swift */,
				BD94869B29ED55A500FEF546 /* Presenter.swift */,
				BD94869D29ED55C200FEF546 /* Transition.swift */,
				BD94869F29ED58BC00FEF546 /* CheckBox.swift */,
			);
			path = Extensions;
			sourceTree = "<group>";
		};
		BDE2DDE729F7E1B3000F494A /* Products */ = {
			isa = PBXGroup;
			children = (
				BDE2DDEB29F7E1B3000F494A /* breakOutFramework.framework */,
			);
			name = Products;
			sourceTree = "<group>";
		};
		BDE2DDEC29F7E1BB000F494A /* Frameworks */ = {
			isa = PBXGroup;
			children = (
			);
			name = Frameworks;
			sourceTree = "<group>";
		};
/* End PBXGroup section */

/* Begin PBXNativeTarget section */
		BD94867629ED548B00FEF546 /* nomnom_renew */ = {
			isa = PBXNativeTarget;
			buildConfigurationList = BD94868B29ED548C00FEF546 /* Build configuration list for PBXNativeTarget "nomnom_renew" */;
			buildPhases = (
				BD94867329ED548B00FEF546 /* Sources */,
				BD94867429ED548B00FEF546 /* Frameworks */,
				BD94867529ED548B00FEF546 /* Resources */,
			);
			buildRules = (
			);
			dependencies = (
			);
			name = nomnom_renew;
			productName = nomnom_renew;
			productReference = BD67F90529F811F700A0AE52 /* nomnom_renew.app */;
			productType = "com.apple.product-type.application";
		};
/* End PBXNativeTarget section */

/* Begin PBXProject section */
		BD94866F29ED548B00FEF546 /* Project object */ = {
			isa = PBXProject;
			attributes = {
				BuildIndependentTargetsInParallel = 1;
				LastSwiftUpdateCheck = 1420;
				LastUpgradeCheck = 1420;
				TargetAttributes = {
					BD94867629ED548B00FEF546 = {
						CreatedOnToolsVersion = 14.2;
					};
				};
			};
			buildConfigurationList = BD94867229ED548B00FEF546 /* Build configuration list for PBXProject "nomnom_renew" */;
			compatibilityVersion = "Xcode 14.0";
			developmentRegion = en;
			hasScannedForEncodings = 0;
			knownRegions = (
				en,
				Base,
			);
			mainGroup = BD94866E29ED548B00FEF546;
			productRefGroup = BD94866E29ED548B00FEF546;
			projectDirPath = "";
			projectReferences = (
				{
					ProductGroup = BDE2DDE729F7E1B3000F494A /* Products */;
					ProjectRef = BDE2DDE629F7E1B3000F494A /* breakOutFramework.xcodeproj */;
				},
			);
			projectRoot = "";
			targets = (
				BD94867629ED548B00FEF546 /* nomnom_renew */,
			);
		};
/* End PBXProject section */

/* Begin PBXReferenceProxy section */
		BDE2DDEB29F7E1B3000F494A /* breakOutFramework.framework */ = {
			isa = PBXReferenceProxy;
			fileType = wrapper.framework;
			path = breakOutFramework.framework;
			remoteRef = BDE2DDEA29F7E1B3000F494A /* PBXContainerItemProxy */;
			sourceTree = BUILT_PRODUCTS_DIR;
		};
/* End PBXReferenceProxy section */

/* Begin PBXResourcesBuildPhase section */
		BD94867529ED548B00FEF546 /* Resources */ = {
			isa = PBXResourcesBuildPhase;
			buildActionMask = 2147483647;
			files = (
				BD94868429ED548C00FEF546 /* Assets.xcassets in Resources */,
				BD94868229ED548B00FEF546 /* Main.storyboard in Resources */,
			);
			runOnlyForDeploymentPostprocessing = 0;
		};
/* End PBXResourcesBuildPhase section */

/* Begin PBXSourcesBuildPhase section */
		BD94867329ED548B00FEF546 /* Sources */ = {
			isa = PBXSourcesBuildPhase;
			buildActionMask = 2147483647;
			files = (
				BDE2DDF029F7E655000F494A /* breakOutViewController.swift in Sources */,
				BD94869E29ED55C200FEF546 /* Transition.swift in Sources */,
				BD94869C29ED55A500FEF546 /* Presenter.swift in Sources */,
				BD9486A029ED58BC00FEF546 /* CheckBox.swift in Sources */,
				BD94867F29ED548B00FEF546 /* MainViewController.swift in Sources */,
				BD9486A229ED704F00FEF546 /* Extension.swift in Sources */,
				BD94867B29ED548B00FEF546 /* AppDelegate.swift in Sources */,
				BD94867D29ED548B00FEF546 /* SceneDelegate.swift in Sources */,
				BD94868F29ED54F000FEF546 /* IntroViewController.swift in Sources */,
				BD94869229ED555100FEF546 /* MessageViewController.swift in Sources */,
				BD94869729ED557B00FEF546 /* TodosTableViewCell.swift in Sources */,
				BD94869529ED556600FEF546 /* Todos.swift in Sources */,
			);
			runOnlyForDeploymentPostprocessing = 0;
		};
/* End PBXSourcesBuildPhase section */

/* Begin PBXVariantGroup section */
		BD94868029ED548B00FEF546 /* Main.storyboard */ = {
			isa = PBXVariantGroup;
			children = (
				BD94868129ED548B00FEF546 /* Base */,
			);
			name = Main.storyboard;
			sourceTree = "<group>";
		};
/* End PBXVariantGroup section */

/* Begin XCBuildConfiguration section */
		BD94868929ED548C00FEF546 /* Debug */ = {
			isa = XCBuildConfiguration;
			buildSettings = {
				ALWAYS_SEARCH_USER_PATHS = NO;
				CLANG_ANALYZER_NONNULL = YES;
				CLANG_ANALYZER_NUMBER_OBJECT_CONVERSION = YES_AGGRESSIVE;
				CLANG_CXX_LANGUAGE_STANDARD = "gnu++20";
				CLANG_ENABLE_MODULES = YES;
				CLANG_ENABLE_OBJC_ARC = YES;
				CLANG_ENABLE_OBJC_WEAK = YES;
				CLANG_WARN_BLOCK_CAPTURE_AUTORELEASING = YES;
				CLANG_WARN_BOOL_CONVERSION = YES;
				CLANG_WARN_COMMA = YES;
				CLANG_WARN_CONSTANT_CONVERSION = YES;
				CLANG_WARN_DEPRECATED_OBJC_IMPLEMENTATIONS = YES;
				CLANG_WARN_DIRECT_OBJC_ISA_USAGE = YES_ERROR;
				CLANG_WARN_DOCUMENTATION_COMMENTS = YES;
				CLANG_WARN_EMPTY_BODY = YES;
				CLANG_WARN_ENUM_CONVERSION = YES;
				CLANG_WARN_INFINITE_RECURSION = YES;
				CLANG_WARN_INT_CONVERSION = YES;
				CLANG_WARN_NON_LITERAL_NULL_CONVERSION = YES;
				CLANG_WARN_OBJC_IMPLICIT_RETAIN_SELF = YES;
				CLANG_WARN_OBJC_LITERAL_CONVERSION = YES;
				CLANG_WARN_OBJC_ROOT_CLASS = YES_ERROR;
				CLANG_WARN_QUOTED_INCLUDE_IN_FRAMEWORK_HEADER = YES;
				CLANG_WARN_RANGE_LOOP_ANALYSIS = YES;
				CLANG_WARN_STRICT_PROTOTYPES = YES;
				CLANG_WARN_SUSPICIOUS_MOVE = YES;
				CLANG_WARN_UNGUARDED_AVAILABILITY = YES_AGGRESSIVE;
				CLANG_WARN_UNREACHABLE_CODE = YES;
				CLANG_WARN__DUPLICATE_METHOD_MATCH = YES;
				COPY_PHASE_STRIP = NO;
				DEBUG_INFORMATION_FORMAT = dwarf;
				ENABLE_STRICT_OBJC_MSGSEND = YES;
				ENABLE_TESTABILITY = YES;
				GCC_C_LANGUAGE_STANDARD = gnu11;
				GCC_DYNAMIC_NO_PIC = NO;
				GCC_NO_COMMON_BLOCKS = YES;
				GCC_OPTIMIZATION_LEVEL = 0;
				GCC_PREPROCESSOR_DEFINITIONS = (
					"DEBUG=1",
					"$(inherited)",
				);
				GCC_WARN_64_TO_32_BIT_CONVERSION = YES;
				GCC_WARN_ABOUT_RETURN_TYPE = YES_ERROR;
				GCC_WARN_UNDECLARED_SELECTOR = YES;
				GCC_WARN_UNINITIALIZED_AUTOS = YES_AGGRESSIVE;
				GCC_WARN_UNUSED_FUNCTION = YES;
				GCC_WARN_UNUSED_VARIABLE = YES;
				IPHONEOS_DEPLOYMENT_TARGET = 13.0;
				MTL_ENABLE_DEBUG_INFO = INCLUDE_SOURCE;
				MTL_FAST_MATH = YES;
				ONLY_ACTIVE_ARCH = YES;
				SDKROOT = iphoneos;
				SWIFT_ACTIVE_COMPILATION_CONDITIONS = DEBUG;
				SWIFT_OPTIMIZATION_LEVEL = "-Onone";
			};
			name = Debug;
		};
		BD94868A29ED548C00FEF546 /* Release */ = {
			isa = XCBuildConfiguration;
			buildSettings = {
				ALWAYS_SEARCH_USER_PATHS = NO;
				CLANG_ANALYZER_NONNULL = YES;
				CLANG_ANALYZER_NUMBER_OBJECT_CONVERSION = YES_AGGRESSIVE;
				CLANG_CXX_LANGUAGE_STANDARD = "gnu++20";
				CLANG_ENABLE_MODULES = YES;
				CLANG_ENABLE_OBJC_ARC = YES;
				CLANG_ENABLE_OBJC_WEAK = YES;
				CLANG_WARN_BLOCK_CAPTURE_AUTORELEASING = YES;
				CLANG_WARN_BOOL_CONVERSION = YES;
				CLANG_WARN_COMMA = YES;
				CLANG_WARN_CONSTANT_CONVERSION = YES;
				CLANG_WARN_DEPRECATED_OBJC_IMPLEMENTATIONS = YES;
				CLANG_WARN_DIRECT_OBJC_ISA_USAGE = YES_ERROR;
				CLANG_WARN_DOCUMENTATION_COMMENTS = YES;
				CLANG_WARN_EMPTY_BODY = YES;
				CLANG_WARN_ENUM_CONVERSION = YES;
				CLANG_WARN_INFINITE_RECURSION = YES;
				CLANG_WARN_INT_CONVERSION = YES;
				CLANG_WARN_NON_LITERAL_NULL_CONVERSION = YES;
				CLANG_WARN_OBJC_IMPLICIT_RETAIN_SELF = YES;
				CLANG_WARN_OBJC_LITERAL_CONVERSION = YES;
				CLANG_WARN_OBJC_ROOT_CLASS = YES_ERROR;
				CLANG_WARN_QUOTED_INCLUDE_IN_FRAMEWORK_HEADER = YES;
				CLANG_WARN_RANGE_LOOP_ANALYSIS = YES;
				CLANG_WARN_STRICT_PROTOTYPES = YES;
				CLANG_WARN_SUSPICIOUS_MOVE = YES;
				CLANG_WARN_UNGUARDED_AVAILABILITY = YES_AGGRESSIVE;
				CLANG_WARN_UNREACHABLE_CODE = YES;
				CLANG_WARN__DUPLICATE_METHOD_MATCH = YES;
				COPY_PHASE_STRIP = NO;
				DEBUG_INFORMATION_FORMAT = "dwarf-with-dsym";
				ENABLE_NS_ASSERTIONS = NO;
				ENABLE_STRICT_OBJC_MSGSEND = YES;
				GCC_C_LANGUAGE_STANDARD = gnu11;
				GCC_NO_COMMON_BLOCKS = YES;
				GCC_WARN_64_TO_32_BIT_CONVERSION = YES;
				GCC_WARN_ABOUT_RETURN_TYPE = YES_ERROR;
				GCC_WARN_UNDECLARED_SELECTOR = YES;
				GCC_WARN_UNINITIALIZED_AUTOS = YES_AGGRESSIVE;
				GCC_WARN_UNUSED_FUNCTION = YES;
				GCC_WARN_UNUSED_VARIABLE = YES;
				IPHONEOS_DEPLOYMENT_TARGET = 13.0;
				MTL_ENABLE_DEBUG_INFO = NO;
				MTL_FAST_MATH = YES;
				SDKROOT = iphoneos;
				SWIFT_COMPILATION_MODE = wholemodule;
				SWIFT_OPTIMIZATION_LEVEL = "-O";
				VALIDATE_PRODUCT = YES;
			};
			name = Release;
		};
		BD94868C29ED548C00FEF546 /* Debug */ = {
			isa = XCBuildConfiguration;
			buildSettings = {
				ASSETCATALOG_COMPILER_APPICON_NAME = AppIcon;
				ASSETCATALOG_COMPILER_GLOBAL_ACCENT_COLOR_NAME = AccentColor;
				CODE_SIGN_STYLE = Automatic;
				CURRENT_PROJECT_VERSION = 1;
				DEVELOPMENT_TEAM = 2W6JX5D446;
				GENERATE_INFOPLIST_FILE = YES;
				INFOPLIST_FILE = nomnom_renew/Info.plist;
				INFOPLIST_KEY_UIApplicationSupportsIndirectInputEvents = YES;
				INFOPLIST_KEY_UILaunchStoryboardName = LaunchScreen;
				INFOPLIST_KEY_UIMainStoryboardFile = Main;
				INFOPLIST_KEY_UISupportedInterfaceOrientations = UIInterfaceOrientationPortrait;
				INFOPLIST_KEY_UISupportedInterfaceOrientations_iPad = "UIInterfaceOrientationLandscapeLeft UIInterfaceOrientationLandscapeRight UIInterfaceOrientationPortrait UIInterfaceOrientationPortraitUpsideDown";
				IPHONEOS_DEPLOYMENT_TARGET = 13.0;
				LD_RUNPATH_SEARCH_PATHS = (
					"$(inherited)",
					"@executable_path/Frameworks",
				);
				MARKETING_VERSION = 1.0;
				OTHER_LDFLAGS = (
					"-framework",
					breakOutFramework,
				);
				PRODUCT_BUNDLE_IDENTIFIER = "jundonglee.nomnom-renew";
				PRODUCT_NAME = "$(TARGET_NAME)";
				SUPPORTED_PLATFORMS = "iphoneos iphonesimulator";
				SUPPORTS_MACCATALYST = NO;
				SUPPORTS_MAC_DESIGNED_FOR_IPHONE_IPAD = YES;
				SWIFT_EMIT_LOC_STRINGS = YES;
				SWIFT_VERSION = 5.0;
				TARGETED_DEVICE_FAMILY = 1;
			};
			name = Debug;
		};
		BD94868D29ED548C00FEF546 /* Release */ = {
			isa = XCBuildConfiguration;
			buildSettings = {
				ASSETCATALOG_COMPILER_APPICON_NAME = AppIcon;
				ASSETCATALOG_COMPILER_GLOBAL_ACCENT_COLOR_NAME = AccentColor;
				CODE_SIGN_STYLE = Automatic;
				CURRENT_PROJECT_VERSION = 1;
				DEVELOPMENT_TEAM = 2W6JX5D446;
				GENERATE_INFOPLIST_FILE = YES;
				INFOPLIST_FILE = nomnom_renew/Info.plist;
				INFOPLIST_KEY_UIApplicationSupportsIndirectInputEvents = YES;
				INFOPLIST_KEY_UILaunchStoryboardName = LaunchScreen;
				INFOPLIST_KEY_UIMainStoryboardFile = Main;
				INFOPLIST_KEY_UISupportedInterfaceOrientations = UIInterfaceOrientationPortrait;
				INFOPLIST_KEY_UISupportedInterfaceOrientations_iPad = "UIInterfaceOrientationLandscapeLeft UIInterfaceOrientationLandscapeRight UIInterfaceOrientationPortrait UIInterfaceOrientationPortraitUpsideDown";
				IPHONEOS_DEPLOYMENT_TARGET = 13.0;
				LD_RUNPATH_SEARCH_PATHS = (
					"$(inherited)",
					"@executable_path/Frameworks",
				);
				MARKETING_VERSION = 1.0;
				OTHER_LDFLAGS = (
					"-framework",
					breakOutFramework,
				);
				PRODUCT_BUNDLE_IDENTIFIER = "jundonglee.nomnom-renew";
				PRODUCT_NAME = "$(TARGET_NAME)";
				SUPPORTED_PLATFORMS = "iphoneos iphonesimulator";
				SUPPORTS_MACCATALYST = NO;
				SUPPORTS_MAC_DESIGNED_FOR_IPHONE_IPAD = YES;
				SWIFT_EMIT_LOC_STRINGS = YES;
				SWIFT_VERSION = 5.0;
				TARGETED_DEVICE_FAMILY = 1;
			};
			name = Release;
		};
/* End XCBuildConfiguration section */

/* Begin XCConfigurationList section */
		BD94867229ED548B00FEF546 /* Build configuration list for PBXProject "nomnom_renew" */ = {
			isa = XCConfigurationList;
			buildConfigurations = (
				BD94868929ED548C00FEF546 /* Debug */,
				BD94868A29ED548C00FEF546 /* Release */,
			);
			defaultConfigurationIsVisible = 0;
			defaultConfigurationName = Release;
		};
		BD94868B29ED548C00FEF546 /* Build configuration list for PBXNativeTarget "nomnom_renew" */ = {
			isa = XCConfigurationList;
			buildConfigurations = (
				BD94868C29ED548C00FEF546 /* Debug */,
				BD94868D29ED548C00FEF546 /* Release */,
			);
			defaultConfigurationIsVisible = 0;
			defaultConfigurationName = Release;
		};
/* End XCConfigurationList section */
	};
	rootObject = BD94866F29ED548B00FEF546 /* Project object */;
}
